
Microsoft Visual Studio Solution File, Format Version 12.00
# Visual Studio Version 16
VisualStudioVersion = 16.0.30804.86
MinimumVisualStudioVersion = 10.0.40219.1
Project("{FAE04EC0-301F-11D3-BF4B-00C04F79EFBC}") = "OgrenciKayitSistemi", "OgrenciKayitSistemi.csproj", "{B1B0CD85-7891-4011-BEEB-532E5B414940}"
EndProject
Global
	GlobalSection(SolutionConfigurationPlatforms) = preSolution
		Debug|Any CPU = Debug|Any CPU
		Release|Any CPU = Release|Any CPU
	EndGlobalSection
	GlobalSection(ProjectConfigurationPlatforms) = postSolution
		{B1B0CD85-7891-4011-BEEB-532E5B414940}.Debug|Any CPU.ActiveCfg = Debug|Any CPU
		{B1B0CD85-7891-4011-BEEB-532E5B414940}.Debug|Any CPU.Build.0 = Debug|Any CPU
		{B1B0CD85-7891-4011-BEEB-532E5B414940}.Release|Any CPU.ActiveCfg = Release|Any CPU
		{B1B0CD85-7891-4011-BEEB-532E5B414940}.Release|Any CPU.Build.0 = Release|Any CPU
	EndGlobalSection
	GlobalSection(SolutionProperties) = preSolution
		HideSolutionNode = FALSE
	EndGlobalSection
	GlobalSection(ExtensibilityGlobals) = postSolution
		SolutionGuid = {A838480E-E98D-4458-9387-064A77B8636E}
	EndGlobalSection
EndGlobal
